
Microsoft Visual Studio Solution File, Format Version 12.00
Project("{FAE04EC0-301F-11D3-BF4B-00C04F79EFBC}") = "SkinCareDiary.Be", "SkinCareDiary.Be\SkinCareDiary.Be.csproj", "{867ADAAE-F773-4425-9EE8-B8135DD11B5C}"
EndProject
Project("{FAE04EC0-301F-11D3-BF4B-00C04F79EFBC}") = "SkinCareDiary.Database", "SkinCareDiary.Database\SkinCareDiary.Database.csproj", "{AC71FE3F-8E80-46D6-93AD-596FFEC90000}"
EndProject
Project("{FAE04EC0-301F-11D3-BF4B-00C04F79EFBC}") = "SkinCareDiary.Services", "SkinCareDiary.Services\SkinCareDiary.Services.csproj", "{5E89714F-28E3-4019-8E0C-74CB24AB11EC}"
EndProject
Global
	GlobalSection(SolutionConfigurationPlatforms) = preSolution
		Debug|Any CPU = Debug|Any CPU
		Release|Any CPU = Release|Any CPU
	EndGlobalSection
	GlobalSection(ProjectConfigurationPlatforms) = postSolution
		{867ADAAE-F773-4425-9EE8-B8135DD11B5C}.Debug|Any CPU.ActiveCfg = Debug|Any CPU
		{867ADAAE-F773-4425-9EE8-B8135DD11B5C}.Debug|Any CPU.Build.0 = Debug|Any CPU
		{867ADAAE-F773-4425-9EE8-B8135DD11B5C}.Release|Any CPU.ActiveCfg = Release|Any CPU
		{867ADAAE-F773-4425-9EE8-B8135DD11B5C}.Release|Any CPU.Build.0 = Release|Any CPU
		{AC71FE3F-8E80-46D6-93AD-596FFEC90000}.Debug|Any CPU.ActiveCfg = Debug|Any CPU
		{AC71FE3F-8E80-46D6-93AD-596FFEC90000}.Debug|Any CPU.Build.0 = Debug|Any CPU
		{AC71FE3F-8E80-46D6-93AD-596FFEC90000}.Release|Any CPU.ActiveCfg = Release|Any CPU
		{AC71FE3F-8E80-46D6-93AD-596FFEC90000}.Release|Any CPU.Build.0 = Release|Any CPU
		{5E89714F-28E3-4019-8E0C-74CB24AB11EC}.Debug|Any CPU.ActiveCfg = Debug|Any CPU
		{5E89714F-28E3-4019-8E0C-74CB24AB11EC}.Debug|Any CPU.Build.0 = Debug|Any CPU
		{5E89714F-28E3-4019-8E0C-74CB24AB11EC}.Release|Any CPU.ActiveCfg = Release|Any CPU
		{5E89714F-28E3-4019-8E0C-74CB24AB11EC}.Release|Any CPU.Build.0 = Release|Any CPU
	EndGlobalSection
EndGlobal
